
Microsoft Visual Studio Solution File, Format Version 12.00
# Visual Studio Version 17
VisualStudioVersion = 17.6.33801.468
MinimumVisualStudioVersion = 10.0.40219.1
Project("{9A19103F-16F7-4668-BE54-9A1E7A4F7556}") = "SignalR1", "SignalR1\SignalR1.csproj", "{4831F1F8-E5FC-48DA-97E5-85BF8B7A023D}"
EndProject
Global
	GlobalSection(SolutionConfigurationPlatforms) = preSolution
		Debug|Any CPU = Debug|Any CPU
		Release|Any CPU = Release|Any CPU
	EndGlobalSection
	GlobalSection(ProjectConfigurationPlatforms) = postSolution
		{4831F1F8-E5FC-48DA-97E5-85BF8B7A023D}.Debug|Any CPU.ActiveCfg = Debug|Any CPU
		{4831F1F8-E5FC-48DA-97E5-85BF8B7A023D}.Debug|Any CPU.Build.0 = Debug|Any CPU
		{4831F1F8-E5FC-48DA-97E5-85BF8B7A023D}.Release|Any CPU.ActiveCfg = Release|Any CPU
		{4831F1F8-E5FC-48DA-97E5-85BF8B7A023D}.Release|Any CPU.Build.0 = Release|Any CPU
	EndGlobalSection
	GlobalSection(SolutionProperties) = preSolution
		HideSolutionNode = FALSE
	EndGlobalSection
	GlobalSection(ExtensibilityGlobals) = postSolution
		SolutionGuid = {2EA72538-8E4B-4888-9147-0E1EA129148D}
	EndGlobalSection
EndGlobal
